{
  "name": "02-empty-app-headless",
  "lockfileVersion": 2,
  "requires": true,
  "packages": {
    "": {
      "name": "02-empty-app-headless",
      "dependencies": {
        "@tauri-apps/api": "^1.0.0-rc.6"
      },
      "devDependencies": {
        "@tauri-apps/cli": "^1.0.0-rc.13"
      }
    },
    "node_modules/@tauri-apps/api": {
      "version": "1.0.0-rc.6",
      "resolved": "https://registry.npmjs.org/@tauri-apps/api/-/api-1.0.0-rc.6.tgz",
      "integrity": "sha512-/PbVs3/dUzid0/1XbML8tAkRSOmp+6Gv9ql02HGt3aIjNTvaL2902qEbiTX6xK++3oUoKJJ88t+V6IiNd1JUkw==",
      "dependencies": {
        "type-fest": "2.12.2"
      },
      "engines": {
        "node": ">= 12.13.0",
        "npm": ">= 6.6.0",
        "yarn": ">= 1.19.1"
      },
      "funding": {
        "type": "opencollective",
        "url": "https://opencollective.com/tauri"
      }
    },
    "node_modules/@tauri-apps/cli": {
      "version": "1.0.0-rc.13",
      "resolved": "https://registry.npmjs.org/@tauri-apps/cli/-/cli-1.0.0-rc.13.tgz",
      "integrity": "sha512-q7i45Mi1SMv5XllNoX09QS4Q/fYVFwD6piVYmqMSrKY/T5RwedQhytiVH60TxC2xk6o0akVHa7BdYiyJvXNR8A==",
      "dev": true,
      "bin": {
        "tauri": "tauri.js"
      },
      "engines": {
        "node": ">= 10"
      },
      "funding": {
        "type": "opencollective",
        "url": "https://opencollective.com/tauri"
      },
      "optionalDependencies": {
        "@tauri-apps/cli-darwin-arm64": "1.0.0-rc.13",
        "@tauri-apps/cli-darwin-x64": "1.0.0-rc.13",
        "@tauri-apps/cli-linux-arm-gnueabihf": "1.0.0-rc.13",
        "@tauri-apps/cli-linux-arm64-gnu": "1.0.0-rc.13",
        "@tauri-apps/cli-linux-arm64-musl": "1.0.0-rc.13",
        "@tauri-apps/cli-linux-x64-gnu": "1.0.0-rc.13",
        "@tauri-apps/cli-linux-x64-musl": "1.0.0-rc.13",
        "@tauri-apps/cli-win32-ia32-msvc": "1.0.0-rc.13",
        "@tauri-apps/cli-win32-x64-msvc": "1.0.0-rc.13"
      }
    },
    "node_modules/@tauri-apps/cli-darwin-arm64": {
      "version": "1.0.0-rc.13",
      "resolved": "https://registry.npmjs.org/@tauri-apps/cli-darwin-arm64/-/cli-darwin-arm64-1.0.0-rc.13.tgz",
      "integrity": "sha512-/EqOz7ASHOU98H58Ibbkg12pLG/P5oyQz8OlueaMYryajkJdmi+bHTkJ05DfbS0owAaHkRJ6f+NmoW/AnyqUbg==",
      "cpu": [
        "arm64"
      ],
      "dev": true,
      "optional": true,
      "os": [
        "darwin"
      ],
      "engines": {
        "node": ">= 10"
      }
    },
    "node_modules/@tauri-apps/cli-darwin-x64": {
      "version": "1.0.0-rc.13",
      "resolved": "https://registry.npmjs.org/@tauri-apps/cli-darwin-x64/-/cli-darwin-x64-1.0.0-rc.13.tgz",
      "integrity": "sha512-bvZ0MBKFD1kc4gdVPXgwUA6tHNKj0EmlQK0Xolk6PYP9vZZeNTP1vejevW0bh2IqxC8DuqUArbG9USXwu+LFbQ==",
      "cpu": [
        "x64"
      ],
      "dev": true,
      "optional": true,
      "os": [
        "darwin"
      ],
      "engines": {
        "node": ">= 10"
      }
    },
    "node_modules/@tauri-apps/cli-linux-arm-gnueabihf": {
      "version": "1.0.0-rc.13",
      "resolved": "https://registry.npmjs.org/@tauri-apps/cli-linux-arm-gnueabihf/-/cli-linux-arm-gnueabihf-1.0.0-rc.13.tgz",
      "integrity": "sha512-yODvfUkNvtYYdDTOJSDXMx9fpoEB66I2PTrYx1UKonKTEaLrQDcpw2exD/S9LPQzCYgyTuJ/kHRhG1uLdO/UUQ==",
      "cpu": [
        "arm"
      ],
      "dev": true,
      "optional": true,
      "os": [
        "linux"
      ],
      "engines": {
        "node": ">= 10"
      }
    },
    "node_modules/@tauri-apps/cli-linux-arm64-gnu": {
      "version": "1.0.0-rc.13",
      "resolved": "https://registry.npmjs.org/@tauri-apps/cli-linux-arm64-gnu/-/cli-linux-arm64-gnu-1.0.0-rc.13.tgz",
      "integrity": "sha512-kVDJHERD8CmTeMcd2VTnD/nVCHdnNAK8a6ur3l0KTR1iF8A1AtN/sPahMQjK4f7Ar00UDjIzTw74liqakOeiZg==",
      "cpu": [
        "arm64"
      ],
      "dev": true,
      "optional": true,
      "os": [
        "linux"
      ],
      "engines": {
        "node": ">= 10"
      }
    },
    "node_modules/@tauri-apps/cli-linux-arm64-musl": {
      "version": "1.0.0-rc.13",
      "resolved": "https://registry.npmjs.org/@tauri-apps/cli-linux-arm64-musl/-/cli-linux-arm64-musl-1.0.0-rc.13.tgz",
      "integrity": "sha512-PFHz+0xKCGMqqn2TmbOSPvTRS61xJQV7srwTZjs5sHBvK536mdBnF/6V6BPEvTn5LzfRnxMu2A5X5GFkYnrZ7w==",
      "cpu": [
        "arm64"
      ],
      "dev": true,
      "optional": true,
      "os": [
        "linux"
      ],
      "engines": {
        "node": ">= 10"
      }
    },
    "node_modules/@tauri-apps/cli-linux-x64-gnu": {
      "version": "1.0.0-rc.13",
      "resolved": "https://registry.npmjs.org/@tauri-apps/cli-linux-x64-gnu/-/cli-linux-x64-gnu-1.0.0-rc.13.tgz",
      "integrity": "sha512-EWhTOUNHaaMM7mxp/ue+Osnzn6/o9/7qVle3MSnNI9pGQzumc/dOtBs+sWS/NPXdVEiWKET2mFMK120KJlYcQQ==",
      "cpu": [
        "x64"
      ],
      "dev": true,
      "optional": true,
      "os": [
        "linux"
      ],
      "engines": {
        "node": ">= 10"
      }
    },
    "node_modules/@tauri-apps/cli-linux-x64-musl": {
      "version": "1.0.0-rc.13",
      "resolved": "https://registry.npmjs.org/@tauri-apps/cli-linux-x64-musl/-/cli-linux-x64-musl-1.0.0-rc.13.tgz",
      "integrity": "sha512-i8lsKw5iAGTAhqSQHeUCISLjhRXNrloHPoFCaSZtU0/GAPGbW/qST7u593h7cKWxRooeMwzo74ij4GhgmddClQ==",
      "cpu": [
        "x64"
      ],
      "dev": true,
      "optional": true,
      "os": [
        "linux"
      ],
      "engines": {
        "node": ">= 10"
      }
    },
    "node_modules/@tauri-apps/cli-win32-ia32-msvc": {
      "version": "1.0.0-rc.13",
      "resolved": "https://registry.npmjs.org/@tauri-apps/cli-win32-ia32-msvc/-/cli-win32-ia32-msvc-1.0.0-rc.13.tgz",
      "integrity": "sha512-rJxSqWIQXeeT2oLzSiQyqZPgDKSGH5sK7MUr8cOCBitqy3T0COlOMX4O7hhqF3cJ/5s0aX+MuNZBzF/D0QUcxA==",
      "cpu": [
        "ia32"
      ],
      "dev": true,
      "optional": true,
      "os": [
        "win32"
      ],
      "engines": {
        "node": ">= 10"
      }
    },
    "node_modules/@tauri-apps/cli-win32-x64-msvc": {
      "version": "1.0.0-rc.13",
      "resolved": "https://registry.npmjs.org/@tauri-apps/cli-win32-x64-msvc/-/cli-win32-x64-msvc-1.0.0-rc.13.tgz",
      "integrity": "sha512-ifOTrJVQoBAQUYX+EVnE4XJ/FCMHs4FQ8qxGNszqkSxrU24mmT7La6tzj77352q80KnxRa05xjjLL6GGhmzXRg==",
      "cpu": [
        "x64"
      ],
      "dev": true,
      "optional": true,
      "os": [
        "win32"
      ],
      "engines": {
        "node": ">= 10"
      }
    },
    "node_modules/type-fest": {
      "version": "2.12.2",
      "resolved": "https://registry.npmjs.org/type-fest/-/type-fest-2.12.2.tgz",
      "integrity": "sha512-qt6ylCGpLjZ7AaODxbpyBZSs9fCI9SkL3Z9q2oxMBQhs/uyY+VD8jHA8ULCGmWQJlBgqvO3EJeAngOHD8zQCrQ==",
      "engines": {
        "node": ">=12.20"
      },
      "funding": {
        "url": "https://github.com/sponsors/sindresorhus"
      }
    }
  },
  "dependencies": {
    "@tauri-apps/api": {
      "version": "1.0.0-rc.6",
      "resolved": "https://registry.npmjs.org/@tauri-apps/api/-/api-1.0.0-rc.6.tgz",
      "integrity": "sha512-/PbVs3/dUzid0/1XbML8tAkRSOmp+6Gv9ql02HGt3aIjNTvaL2902qEbiTX6xK++3oUoKJJ88t+V6IiNd1JUkw==",
      "requires": {
        "type-fest": "2.12.2"
      }
    },
    "@tauri-apps/cli": {
      "version": "1.0.0-rc.13",
      "resolved": "https://registry.npmjs.org/@tauri-apps/cli/-/cli-1.0.0-rc.13.tgz",
      "integrity": "sha512-q7i45Mi1SMv5XllNoX09QS4Q/fYVFwD6piVYmqMSrKY/T5RwedQhytiVH60TxC2xk6o0akVHa7BdYiyJvXNR8A==",
      "dev": true,
      "requires": {
        "@tauri-apps/cli-darwin-arm64": "1.0.0-rc.13",
        "@tauri-apps/cli-darwin-x64": "1.0.0-rc.13",
        "@tauri-apps/cli-linux-arm-gnueabihf": "1.0.0-rc.13",
        "@tauri-apps/cli-linux-arm64-gnu": "1.0.0-rc.13",
        "@tauri-apps/cli-linux-arm64-musl": "1.0.0-rc.13",
        "@tauri-apps/cli-linux-x64-gnu": "1.0.0-rc.13",
        "@tauri-apps/cli-linux-x64-musl": "1.0.0-rc.13",
        "@tauri-apps/cli-win32-ia32-msvc": "1.0.0-rc.13",
        "@tauri-apps/cli-win32-x64-msvc": "1.0.0-rc.13"
      }
    },
    "@tauri-apps/cli-darwin-arm64": {
      "version": "1.0.0-rc.13",
      "resolved": "https://registry.npmjs.org/@tauri-apps/cli-darwin-arm64/-/cli-darwin-arm64-1.0.0-rc.13.tgz",
      "integrity": "sha512-/EqOz7ASHOU98H58Ibbkg12pLG/P5oyQz8OlueaMYryajkJdmi+bHTkJ05DfbS0owAaHkRJ6f+NmoW/AnyqUbg==",
      "dev": true,
      "optional": true
    },
    "@tauri-apps/cli-darwin-x64": {
      "version": "1.0.0-rc.13",
      "resolved": "https://registry.npmjs.org/@tauri-apps/cli-darwin-x64/-/cli-darwin-x64-1.0.0-rc.13.tgz",
      "integrity": "sha512-bvZ0MBKFD1kc4gdVPXgwUA6tHNKj0EmlQK0Xolk6PYP9vZZeNTP1vejevW0bh2IqxC8DuqUArbG9USXwu+LFbQ==",
      "dev": true,
      "optional": true
    },
    "@tauri-apps/cli-linux-arm-gnueabihf": {
      "version": "1.0.0-rc.13",
      "resolved": "https://registry.npmjs.org/@tauri-apps/cli-linux-arm-gnueabihf/-/cli-linux-arm-gnueabihf-1.0.0-rc.13.tgz",
      "integrity": "sha512-yODvfUkNvtYYdDTOJSDXMx9fpoEB66I2PTrYx1UKonKTEaLrQDcpw2exD/S9LPQzCYgyTuJ/kHRhG1uLdO/UUQ==",
      "dev": true,
      "optional": true
    },
    "@tauri-apps/cli-linux-arm64-gnu": {
      "version": "1.0.0-rc.13",
      "resolved": "https://registry.npmjs.org/@tauri-apps/cli-linux-arm64-gnu/-/cli-linux-arm64-gnu-1.0.0-rc.13.tgz",
      "integrity": "sha512-kVDJHERD8CmTeMcd2VTnD/nVCHdnNAK8a6ur3l0KTR1iF8A1AtN/sPahMQjK4f7Ar00UDjIzTw74liqakOeiZg==",
      "dev": true,
      "optional": true
    },
    "@tauri-apps/cli-linux-arm64-musl": {
      "version": "1.0.0-rc.13",
      "resolved": "https://registry.npmjs.org/@tauri-apps/cli-linux-arm64-musl/-/cli-linux-arm64-musl-1.0.0-rc.13.tgz",
      "integrity": "sha512-PFHz+0xKCGMqqn2TmbOSPvTRS61xJQV7srwTZjs5sHBvK536mdBnF/6V6BPEvTn5LzfRnxMu2A5X5GFkYnrZ7w==",
      "dev": true,
      "optional": true
    },
    "@tauri-apps/cli-linux-x64-gnu": {
      "version": "1.0.0-rc.13",
      "resolved": "https://registry.npmjs.org/@tauri-apps/cli-linux-x64-gnu/-/cli-linux-x64-gnu-1.0.0-rc.13.tgz",
      "integrity": "sha512-EWhTOUNHaaMM7mxp/ue+Osnzn6/o9/7qVle3MSnNI9pGQzumc/dOtBs+sWS/NPXdVEiWKET2mFMK120KJlYcQQ==",
      "dev": true,
      "optional": true
    },
    "@tauri-apps/cli-linux-x64-musl": {
      "version": "1.0.0-rc.13",
      "resolved": "https://registry.npmjs.org/@tauri-apps/cli-linux-x64-musl/-/cli-linux-x64-musl-1.0.0-rc.13.tgz",
      "integrity": "sha512-i8lsKw5iAGTAhqSQHeUCISLjhRXNrloHPoFCaSZtU0/GAPGbW/qST7u593h7cKWxRooeMwzo74ij4GhgmddClQ==",
      "dev": true,
      "optional": true
    },
    "@tauri-apps/cli-win32-ia32-msvc": {
      "version": "1.0.0-rc.13",
      "resolved": "https://registry.npmjs.org/@tauri-apps/cli-win32-ia32-msvc/-/cli-win32-ia32-msvc-1.0.0-rc.13.tgz",
      "integrity": "sha512-rJxSqWIQXeeT2oLzSiQyqZPgDKSGH5sK7MUr8cOCBitqy3T0COlOMX4O7hhqF3cJ/5s0aX+MuNZBzF/D0QUcxA==",
      "dev": true,
      "optional": true
    },
    "@tauri-apps/cli-win32-x64-msvc": {
      "version": "1.0.0-rc.13",
      "resolved": "https://registry.npmjs.org/@tauri-apps/cli-win32-x64-msvc/-/cli-win32-x64-msvc-1.0.0-rc.13.tgz",
      "integrity": "sha512-ifOTrJVQoBAQUYX+EVnE4XJ/FCMHs4FQ8qxGNszqkSxrU24mmT7La6tzj77352q80KnxRa05xjjLL6GGhmzXRg==",
      "dev": true,
      "optional": true
    },
    "type-fest": {
      "version": "2.12.2",
      "resolved": "https://registry.npmjs.org/type-fest/-/type-fest-2.12.2.tgz",
      "integrity": "sha512-qt6ylCGpLjZ7AaODxbpyBZSs9fCI9SkL3Z9q2oxMBQhs/uyY+VD8jHA8ULCGmWQJlBgqvO3EJeAngOHD8zQCrQ=="
    }
  }
}
