{
  "name": "02-empty-app-frameless",
  "lockfileVersion": 2,
  "requires": true,
  "packages": {
    "": {
      "name": "02-empty-app-frameless",
      "dependencies": {
        "@tauri-apps/api": "^1.4.0"
      },
      "devDependencies": {
        "@tauri-apps/cli": "^1.4.0"
      }
    },
    "node_modules/@tauri-apps/api": {
      "version": "1.4.0",
      "resolved": "https://registry.npmjs.org/@tauri-apps/api/-/api-1.4.0.tgz",
      "integrity": "sha512-Jd6HPoTM1PZSFIzq7FB8VmMu3qSSyo/3lSwLpoapW+lQ41CL5Dow2KryLg+gyazA/58DRWI9vu/XpEeHK4uMdw==",
      "engines": {
        "node": ">= 14.6.0",
        "npm": ">= 6.6.0",
        "yarn": ">= 1.19.1"
      },
      "funding": {
        "type": "opencollective",
        "url": "https://opencollective.com/tauri"
      }
    },
    "node_modules/@tauri-apps/cli": {
      "version": "1.4.0",
      "resolved": "https://registry.npmjs.org/@tauri-apps/cli/-/cli-1.4.0.tgz",
      "integrity": "sha512-VXYr2i2iVFl98etQSQsqLzXgX96bnWiNZd1YADgatqwy/qecbd6Kl5ZAPB5R4ynsgE8A1gU7Fbzh7dCEQYFfmA==",
      "dev": true,
      "bin": {
        "tauri": "tauri.js"
      },
      "engines": {
        "node": ">= 10"
      },
      "funding": {
        "type": "opencollective",
        "url": "https://opencollective.com/tauri"
      },
      "optionalDependencies": {
        "@tauri-apps/cli-darwin-arm64": "1.4.0",
        "@tauri-apps/cli-darwin-x64": "1.4.0",
        "@tauri-apps/cli-linux-arm-gnueabihf": "1.4.0",
        "@tauri-apps/cli-linux-arm64-gnu": "1.4.0",
        "@tauri-apps/cli-linux-arm64-musl": "1.4.0",
        "@tauri-apps/cli-linux-x64-gnu": "1.4.0",
        "@tauri-apps/cli-linux-x64-musl": "1.4.0",
        "@tauri-apps/cli-win32-arm64-msvc": "1.4.0",
        "@tauri-apps/cli-win32-ia32-msvc": "1.4.0",
        "@tauri-apps/cli-win32-x64-msvc": "1.4.0"
      }
    },
    "node_modules/@tauri-apps/cli-darwin-arm64": {
      "version": "1.4.0",
      "resolved": "https://registry.npmjs.org/@tauri-apps/cli-darwin-arm64/-/cli-darwin-arm64-1.4.0.tgz",
      "integrity": "sha512-nA/ml0SfUt6/CYLVbHmT500Y+ijqsuv5+s9EBnVXYSLVg9kbPUZJJHluEYK+xKuOj6xzyuT/+rZFMRapmJD3jQ==",
      "cpu": [
        "arm64"
      ],
      "dev": true,
      "optional": true,
      "os": [
        "darwin"
      ],
      "engines": {
        "node": ">= 10"
      }
    },
    "node_modules/@tauri-apps/cli-darwin-x64": {
      "version": "1.4.0",
      "resolved": "https://registry.npmjs.org/@tauri-apps/cli-darwin-x64/-/cli-darwin-x64-1.4.0.tgz",
      "integrity": "sha512-ov/F6Zr+dg9B0PtRu65stFo2G0ow2TUlneqYYrkj+vA3n+moWDHfVty0raDjMLQbQt3rv3uayFMXGPMgble9OA==",
      "cpu": [
        "x64"
      ],
      "dev": true,
      "optional": true,
      "os": [
        "darwin"
      ],
      "engines": {
        "node": ">= 10"
      }
    },
    "node_modules/@tauri-apps/cli-linux-arm-gnueabihf": {
      "version": "1.4.0",
      "resolved": "https://registry.npmjs.org/@tauri-apps/cli-linux-arm-gnueabihf/-/cli-linux-arm-gnueabihf-1.4.0.tgz",
      "integrity": "sha512-zwjbiMncycXDV7doovymyKD7sCg53ouAmfgpUqEBOTY3vgBi9TwijyPhJOqoG5vUVWhouNBC08akGmE4dja15g==",
      "cpu": [
        "arm"
      ],
      "dev": true,
      "optional": true,
      "os": [
        "linux"
      ],
      "engines": {
        "node": ">= 10"
      }
    },
    "node_modules/@tauri-apps/cli-linux-arm64-gnu": {
      "version": "1.4.0",
      "resolved": "https://registry.npmjs.org/@tauri-apps/cli-linux-arm64-gnu/-/cli-linux-arm64-gnu-1.4.0.tgz",
      "integrity": "sha512-5MCBcziqXC72mMXnkZU68mutXIR6zavDxopArE2gQtK841IlE06bIgtLi0kUUhlFJk2nhPRgiDgdLbrPlyt7fw==",
      "cpu": [
        "arm64"
      ],
      "dev": true,
      "optional": true,
      "os": [
        "linux"
      ],
      "engines": {
        "node": ">= 10"
      }
    },
    "node_modules/@tauri-apps/cli-linux-arm64-musl": {
      "version": "1.4.0",
      "resolved": "https://registry.npmjs.org/@tauri-apps/cli-linux-arm64-musl/-/cli-linux-arm64-musl-1.4.0.tgz",
      "integrity": "sha512-7J3pRB6n6uNYgIfCeKt2Oz8J7oSaz2s8GGFRRH2HPxuTHrBNCinzVYm68UhVpJrL3bnGkU0ziVZLsW/iaOGfUg==",
      "cpu": [
        "arm64"
      ],
      "dev": true,
      "optional": true,
      "os": [
        "linux"
      ],
      "engines": {
        "node": ">= 10"
      }
    },
    "node_modules/@tauri-apps/cli-linux-x64-gnu": {
      "version": "1.4.0",
      "resolved": "https://registry.npmjs.org/@tauri-apps/cli-linux-x64-gnu/-/cli-linux-x64-gnu-1.4.0.tgz",
      "integrity": "sha512-Zh5gfAJxOv5AVWxcwuueaQ2vIAhlg0d6nZui6nMyfIJ8dbf3aZQ5ZzP38sYow5h/fbvgL+3GSQxZRBIa3c2E1w==",
      "cpu": [
        "x64"
      ],
      "dev": true,
      "optional": true,
      "os": [
        "linux"
      ],
      "engines": {
        "node": ">= 10"
      }
    },
    "node_modules/@tauri-apps/cli-linux-x64-musl": {
      "version": "1.4.0",
      "resolved": "https://registry.npmjs.org/@tauri-apps/cli-linux-x64-musl/-/cli-linux-x64-musl-1.4.0.tgz",
      "integrity": "sha512-OLAYoICU3FaYiTdBsI+lQTKnDHeMmFMXIApN0M+xGiOkoIOQcV9CConMPjgmJQ867+NHRNgUGlvBEAh9CiJodQ==",
      "cpu": [
        "x64"
      ],
      "dev": true,
      "optional": true,
      "os": [
        "linux"
      ],
      "engines": {
        "node": ">= 10"
      }
    },
    "node_modules/@tauri-apps/cli-win32-arm64-msvc": {
      "version": "1.4.0",
      "resolved": "https://registry.npmjs.org/@tauri-apps/cli-win32-arm64-msvc/-/cli-win32-arm64-msvc-1.4.0.tgz",
      "integrity": "sha512-gZ05GENFbI6CB5MlOUsLlU0kZ9UtHn9riYtSXKT6MYs8HSPRffPHaHSL0WxsJweWh9nR5Hgh/TUU8uW3sYCzCg==",
      "cpu": [
        "arm64"
      ],
      "dev": true,
      "optional": true,
      "os": [
        "win32"
      ],
      "engines": {
        "node": ">= 10"
      }
    },
    "node_modules/@tauri-apps/cli-win32-ia32-msvc": {
      "version": "1.4.0",
      "resolved": "https://registry.npmjs.org/@tauri-apps/cli-win32-ia32-msvc/-/cli-win32-ia32-msvc-1.4.0.tgz",
      "integrity": "sha512-JsetT/lTx/Zq98eo8T5CiRyF1nKeX04RO8JlJrI3ZOYsZpp/A5RJvMd/szQ17iOzwiHdge+tx7k2jHysR6oBlQ==",
      "cpu": [
        "ia32"
      ],
      "dev": true,
      "optional": true,
      "os": [
        "win32"
      ],
      "engines": {
        "node": ">= 10"
      }
    },
    "node_modules/@tauri-apps/cli-win32-x64-msvc": {
      "version": "1.4.0",
      "resolved": "https://registry.npmjs.org/@tauri-apps/cli-win32-x64-msvc/-/cli-win32-x64-msvc-1.4.0.tgz",
      "integrity": "sha512-z8Olcnwp5aYhzqUAarFjqF+oELCjuYWnB2HAJHlfsYNfDCAORY5kct3Fklz8PSsubC3U2EugWn8n42DwnThurg==",
      "cpu": [
        "x64"
      ],
      "dev": true,
      "optional": true,
      "os": [
        "win32"
      ],
      "engines": {
        "node": ">= 10"
      }
    }
  },
  "dependencies": {
    "@tauri-apps/api": {
      "version": "1.4.0",
      "resolved": "https://registry.npmjs.org/@tauri-apps/api/-/api-1.4.0.tgz",
      "integrity": "sha512-Jd6HPoTM1PZSFIzq7FB8VmMu3qSSyo/3lSwLpoapW+lQ41CL5Dow2KryLg+gyazA/58DRWI9vu/XpEeHK4uMdw=="
    },
    "@tauri-apps/cli": {
      "version": "1.4.0",
      "resolved": "https://registry.npmjs.org/@tauri-apps/cli/-/cli-1.4.0.tgz",
      "integrity": "sha512-VXYr2i2iVFl98etQSQsqLzXgX96bnWiNZd1YADgatqwy/qecbd6Kl5ZAPB5R4ynsgE8A1gU7Fbzh7dCEQYFfmA==",
      "dev": true,
      "requires": {
        "@tauri-apps/cli-darwin-arm64": "1.4.0",
        "@tauri-apps/cli-darwin-x64": "1.4.0",
        "@tauri-apps/cli-linux-arm-gnueabihf": "1.4.0",
        "@tauri-apps/cli-linux-arm64-gnu": "1.4.0",
        "@tauri-apps/cli-linux-arm64-musl": "1.4.0",
        "@tauri-apps/cli-linux-x64-gnu": "1.4.0",
        "@tauri-apps/cli-linux-x64-musl": "1.4.0",
        "@tauri-apps/cli-win32-arm64-msvc": "1.4.0",
        "@tauri-apps/cli-win32-ia32-msvc": "1.4.0",
        "@tauri-apps/cli-win32-x64-msvc": "1.4.0"
      }
    },
    "@tauri-apps/cli-darwin-arm64": {
      "version": "1.4.0",
      "resolved": "https://registry.npmjs.org/@tauri-apps/cli-darwin-arm64/-/cli-darwin-arm64-1.4.0.tgz",
      "integrity": "sha512-nA/ml0SfUt6/CYLVbHmT500Y+ijqsuv5+s9EBnVXYSLVg9kbPUZJJHluEYK+xKuOj6xzyuT/+rZFMRapmJD3jQ==",
      "dev": true,
      "optional": true
    },
    "@tauri-apps/cli-darwin-x64": {
      "version": "1.4.0",
      "resolved": "https://registry.npmjs.org/@tauri-apps/cli-darwin-x64/-/cli-darwin-x64-1.4.0.tgz",
      "integrity": "sha512-ov/F6Zr+dg9B0PtRu65stFo2G0ow2TUlneqYYrkj+vA3n+moWDHfVty0raDjMLQbQt3rv3uayFMXGPMgble9OA==",
      "dev": true,
      "optional": true
    },
    "@tauri-apps/cli-linux-arm-gnueabihf": {
      "version": "1.4.0",
      "resolved": "https://registry.npmjs.org/@tauri-apps/cli-linux-arm-gnueabihf/-/cli-linux-arm-gnueabihf-1.4.0.tgz",
      "integrity": "sha512-zwjbiMncycXDV7doovymyKD7sCg53ouAmfgpUqEBOTY3vgBi9TwijyPhJOqoG5vUVWhouNBC08akGmE4dja15g==",
      "dev": true,
      "optional": true
    },
    "@tauri-apps/cli-linux-arm64-gnu": {
      "version": "1.4.0",
      "resolved": "https://registry.npmjs.org/@tauri-apps/cli-linux-arm64-gnu/-/cli-linux-arm64-gnu-1.4.0.tgz",
      "integrity": "sha512-5MCBcziqXC72mMXnkZU68mutXIR6zavDxopArE2gQtK841IlE06bIgtLi0kUUhlFJk2nhPRgiDgdLbrPlyt7fw==",
      "dev": true,
      "optional": true
    },
    "@tauri-apps/cli-linux-arm64-musl": {
      "version": "1.4.0",
      "resolved": "https://registry.npmjs.org/@tauri-apps/cli-linux-arm64-musl/-/cli-linux-arm64-musl-1.4.0.tgz",
      "integrity": "sha512-7J3pRB6n6uNYgIfCeKt2Oz8J7oSaz2s8GGFRRH2HPxuTHrBNCinzVYm68UhVpJrL3bnGkU0ziVZLsW/iaOGfUg==",
      "dev": true,
      "optional": true
    },
    "@tauri-apps/cli-linux-x64-gnu": {
      "version": "1.4.0",
      "resolved": "https://registry.npmjs.org/@tauri-apps/cli-linux-x64-gnu/-/cli-linux-x64-gnu-1.4.0.tgz",
      "integrity": "sha512-Zh5gfAJxOv5AVWxcwuueaQ2vIAhlg0d6nZui6nMyfIJ8dbf3aZQ5ZzP38sYow5h/fbvgL+3GSQxZRBIa3c2E1w==",
      "dev": true,
      "optional": true
    },
    "@tauri-apps/cli-linux-x64-musl": {
      "version": "1.4.0",
      "resolved": "https://registry.npmjs.org/@tauri-apps/cli-linux-x64-musl/-/cli-linux-x64-musl-1.4.0.tgz",
      "integrity": "sha512-OLAYoICU3FaYiTdBsI+lQTKnDHeMmFMXIApN0M+xGiOkoIOQcV9CConMPjgmJQ867+NHRNgUGlvBEAh9CiJodQ==",
      "dev": true,
      "optional": true
    },
    "@tauri-apps/cli-win32-arm64-msvc": {
      "version": "1.4.0",
      "resolved": "https://registry.npmjs.org/@tauri-apps/cli-win32-arm64-msvc/-/cli-win32-arm64-msvc-1.4.0.tgz",
      "integrity": "sha512-gZ05GENFbI6CB5MlOUsLlU0kZ9UtHn9riYtSXKT6MYs8HSPRffPHaHSL0WxsJweWh9nR5Hgh/TUU8uW3sYCzCg==",
      "dev": true,
      "optional": true
    },
    "@tauri-apps/cli-win32-ia32-msvc": {
      "version": "1.4.0",
      "resolved": "https://registry.npmjs.org/@tauri-apps/cli-win32-ia32-msvc/-/cli-win32-ia32-msvc-1.4.0.tgz",
      "integrity": "sha512-JsetT/lTx/Zq98eo8T5CiRyF1nKeX04RO8JlJrI3ZOYsZpp/A5RJvMd/szQ17iOzwiHdge+tx7k2jHysR6oBlQ==",
      "dev": true,
      "optional": true
    },
    "@tauri-apps/cli-win32-x64-msvc": {
      "version": "1.4.0",
      "resolved": "https://registry.npmjs.org/@tauri-apps/cli-win32-x64-msvc/-/cli-win32-x64-msvc-1.4.0.tgz",
      "integrity": "sha512-z8Olcnwp5aYhzqUAarFjqF+oELCjuYWnB2HAJHlfsYNfDCAORY5kct3Fklz8PSsubC3U2EugWn8n42DwnThurg==",
      "dev": true,
      "optional": true
    }
  }
}
