{
  "name": "02-empty-app-frameless",
  "lockfileVersion": 2,
  "requires": true,
  "packages": {
    "": {
      "name": "02-empty-app-frameless",
      "dependencies": {
        "@tauri-apps/api": "^1.5.3"
      },
      "devDependencies": {
        "@tauri-apps/cli": "^1.5.7"
      }
    },
    "node_modules/@tauri-apps/api": {
      "version": "1.5.3",
      "resolved": "https://registry.npmjs.org/@tauri-apps/api/-/api-1.5.3.tgz",
      "integrity": "sha512-zxnDjHHKjOsrIzZm6nO5Xapb/BxqUq1tc7cGkFXsFkGTsSWgCPH1D8mm0XS9weJY2OaR73I3k3S+b7eSzJDfqA==",
      "engines": {
        "node": ">= 14.6.0",
        "npm": ">= 6.6.0",
        "yarn": ">= 1.19.1"
      },
      "funding": {
        "type": "opencollective",
        "url": "https://opencollective.com/tauri"
      }
    },
    "node_modules/@tauri-apps/cli": {
      "version": "1.5.7",
      "resolved": "https://registry.npmjs.org/@tauri-apps/cli/-/cli-1.5.7.tgz",
      "integrity": "sha512-z7nXLpDAYfQqR5pYhQlWOr88DgPq1AfQyxHhGiakiVgWlaG0ikEfQxop2txrd52H0TRADG0JHR9vFrVFPv4hVQ==",
      "dev": true,
      "bin": {
        "tauri": "tauri.js"
      },
      "engines": {
        "node": ">= 10"
      },
      "funding": {
        "type": "opencollective",
        "url": "https://opencollective.com/tauri"
      },
      "optionalDependencies": {
        "@tauri-apps/cli-darwin-arm64": "1.5.7",
        "@tauri-apps/cli-darwin-x64": "1.5.7",
        "@tauri-apps/cli-linux-arm-gnueabihf": "1.5.7",
        "@tauri-apps/cli-linux-arm64-gnu": "1.5.7",
        "@tauri-apps/cli-linux-arm64-musl": "1.5.7",
        "@tauri-apps/cli-linux-x64-gnu": "1.5.7",
        "@tauri-apps/cli-linux-x64-musl": "1.5.7",
        "@tauri-apps/cli-win32-arm64-msvc": "1.5.7",
        "@tauri-apps/cli-win32-ia32-msvc": "1.5.7",
        "@tauri-apps/cli-win32-x64-msvc": "1.5.7"
      }
    },
    "node_modules/@tauri-apps/cli-darwin-arm64": {
      "version": "1.5.7",
      "resolved": "https://registry.npmjs.org/@tauri-apps/cli-darwin-arm64/-/cli-darwin-arm64-1.5.7.tgz",
      "integrity": "sha512-eUpOUhs2IOpKaLa6RyGupP2owDLfd0q2FR/AILzryjtBtKJJRDQQvuotf+LcbEce2Nc2AHeYJIqYAsB4sw9K+g==",
      "cpu": [
        "arm64"
      ],
      "dev": true,
      "optional": true,
      "os": [
        "darwin"
      ],
      "engines": {
        "node": ">= 10"
      }
    },
    "node_modules/@tauri-apps/cli-darwin-x64": {
      "version": "1.5.7",
      "resolved": "https://registry.npmjs.org/@tauri-apps/cli-darwin-x64/-/cli-darwin-x64-1.5.7.tgz",
      "integrity": "sha512-zfumTv1xUuR+RB1pzhRy+51tB6cm8I76g0xUBaXOfEdOJ9FqW5GW2jdnEUbpNuU65qJ1lB8LVWHKGrSWWKazew==",
      "cpu": [
        "x64"
      ],
      "dev": true,
      "optional": true,
      "os": [
        "darwin"
      ],
      "engines": {
        "node": ">= 10"
      }
    },
    "node_modules/@tauri-apps/cli-linux-arm-gnueabihf": {
      "version": "1.5.7",
      "resolved": "https://registry.npmjs.org/@tauri-apps/cli-linux-arm-gnueabihf/-/cli-linux-arm-gnueabihf-1.5.7.tgz",
      "integrity": "sha512-JngWNqS06bMND9PhiPWp0e+yknJJuSozsSbo+iMzHoJNRauBZCUx+HnUcygUR66Cy6qM4eJvLXtsRG7ApxvWmg==",
      "cpu": [
        "arm"
      ],
      "dev": true,
      "optional": true,
      "os": [
        "linux"
      ],
      "engines": {
        "node": ">= 10"
      }
    },
    "node_modules/@tauri-apps/cli-linux-arm64-gnu": {
      "version": "1.5.7",
      "resolved": "https://registry.npmjs.org/@tauri-apps/cli-linux-arm64-gnu/-/cli-linux-arm64-gnu-1.5.7.tgz",
      "integrity": "sha512-WyIYP9BskgBGq+kf4cLAyru8ArrxGH2eMYGBJvuNEuSaqBhbV0i1uUxvyWdazllZLAEz1WvSocUmSwLknr1+sQ==",
      "cpu": [
        "arm64"
      ],
      "dev": true,
      "optional": true,
      "os": [
        "linux"
      ],
      "engines": {
        "node": ">= 10"
      }
    },
    "node_modules/@tauri-apps/cli-linux-arm64-musl": {
      "version": "1.5.7",
      "resolved": "https://registry.npmjs.org/@tauri-apps/cli-linux-arm64-musl/-/cli-linux-arm64-musl-1.5.7.tgz",
      "integrity": "sha512-OrDpihQP2MB0JY1a/wP9wsl9dDjFDpVEZOQxt4hU+UVGRCZQok7ghPBg4+Xpd1CkNkcCCuIeY8VxRvwLXpnIzg==",
      "cpu": [
        "arm64"
      ],
      "dev": true,
      "optional": true,
      "os": [
        "linux"
      ],
      "engines": {
        "node": ">= 10"
      }
    },
    "node_modules/@tauri-apps/cli-linux-x64-gnu": {
      "version": "1.5.7",
      "resolved": "https://registry.npmjs.org/@tauri-apps/cli-linux-x64-gnu/-/cli-linux-x64-gnu-1.5.7.tgz",
      "integrity": "sha512-4T7FAYVk76rZi8VkuLpiKUAqaSxlva86C1fHm/RtmoTKwZEV+MI3vIMoVg+AwhyWIy9PS55C75nF7+OwbnFnvQ==",
      "cpu": [
        "x64"
      ],
      "dev": true,
      "optional": true,
      "os": [
        "linux"
      ],
      "engines": {
        "node": ">= 10"
      }
    },
    "node_modules/@tauri-apps/cli-linux-x64-musl": {
      "version": "1.5.7",
      "resolved": "https://registry.npmjs.org/@tauri-apps/cli-linux-x64-musl/-/cli-linux-x64-musl-1.5.7.tgz",
      "integrity": "sha512-LL9aMK601BmQjAUDcKWtt5KvAM0xXi0iJpOjoUD3LPfr5dLvBMTflVHQDAEtuZexLQyqpU09+60781PrI/FCTw==",
      "cpu": [
        "x64"
      ],
      "dev": true,
      "optional": true,
      "os": [
        "linux"
      ],
      "engines": {
        "node": ">= 10"
      }
    },
    "node_modules/@tauri-apps/cli-win32-arm64-msvc": {
      "version": "1.5.7",
      "resolved": "https://registry.npmjs.org/@tauri-apps/cli-win32-arm64-msvc/-/cli-win32-arm64-msvc-1.5.7.tgz",
      "integrity": "sha512-TmAdM6GVkfir3AUFsDV2gyc25kIbJeAnwT72OnmJGAECHs/t/GLP9IkFLLVcFKsiosRf8BXhVyQ84NYkSWo14w==",
      "cpu": [
        "arm64"
      ],
      "dev": true,
      "optional": true,
      "os": [
        "win32"
      ],
      "engines": {
        "node": ">= 10"
      }
    },
    "node_modules/@tauri-apps/cli-win32-ia32-msvc": {
      "version": "1.5.7",
      "resolved": "https://registry.npmjs.org/@tauri-apps/cli-win32-ia32-msvc/-/cli-win32-ia32-msvc-1.5.7.tgz",
      "integrity": "sha512-bqWfxwCfLmrfZy69sEU19KHm5TFEaMb8KIekd4aRq/kyOlrjKLdZxN1PyNRP8zpJA1lTiRHzfUDfhpmnZH/skg==",
      "cpu": [
        "ia32"
      ],
      "dev": true,
      "optional": true,
      "os": [
        "win32"
      ],
      "engines": {
        "node": ">= 10"
      }
    },
    "node_modules/@tauri-apps/cli-win32-x64-msvc": {
      "version": "1.5.7",
      "resolved": "https://registry.npmjs.org/@tauri-apps/cli-win32-x64-msvc/-/cli-win32-x64-msvc-1.5.7.tgz",
      "integrity": "sha512-OxLHVBNdzyQ//xT3kwjQFnJTn/N5zta/9fofAkXfnL7vqmVn6s/RY1LDa3sxCHlRaKw0n3ShpygRbM9M8+sO9w==",
      "cpu": [
        "x64"
      ],
      "dev": true,
      "optional": true,
      "os": [
        "win32"
      ],
      "engines": {
        "node": ">= 10"
      }
    }
  },
  "dependencies": {
    "@tauri-apps/api": {
      "version": "1.5.3",
      "resolved": "https://registry.npmjs.org/@tauri-apps/api/-/api-1.5.3.tgz",
      "integrity": "sha512-zxnDjHHKjOsrIzZm6nO5Xapb/BxqUq1tc7cGkFXsFkGTsSWgCPH1D8mm0XS9weJY2OaR73I3k3S+b7eSzJDfqA=="
    },
    "@tauri-apps/cli": {
      "version": "1.5.7",
      "resolved": "https://registry.npmjs.org/@tauri-apps/cli/-/cli-1.5.7.tgz",
      "integrity": "sha512-z7nXLpDAYfQqR5pYhQlWOr88DgPq1AfQyxHhGiakiVgWlaG0ikEfQxop2txrd52H0TRADG0JHR9vFrVFPv4hVQ==",
      "dev": true,
      "requires": {
        "@tauri-apps/cli-darwin-arm64": "1.5.7",
        "@tauri-apps/cli-darwin-x64": "1.5.7",
        "@tauri-apps/cli-linux-arm-gnueabihf": "1.5.7",
        "@tauri-apps/cli-linux-arm64-gnu": "1.5.7",
        "@tauri-apps/cli-linux-arm64-musl": "1.5.7",
        "@tauri-apps/cli-linux-x64-gnu": "1.5.7",
        "@tauri-apps/cli-linux-x64-musl": "1.5.7",
        "@tauri-apps/cli-win32-arm64-msvc": "1.5.7",
        "@tauri-apps/cli-win32-ia32-msvc": "1.5.7",
        "@tauri-apps/cli-win32-x64-msvc": "1.5.7"
      }
    },
    "@tauri-apps/cli-darwin-arm64": {
      "version": "1.5.7",
      "resolved": "https://registry.npmjs.org/@tauri-apps/cli-darwin-arm64/-/cli-darwin-arm64-1.5.7.tgz",
      "integrity": "sha512-eUpOUhs2IOpKaLa6RyGupP2owDLfd0q2FR/AILzryjtBtKJJRDQQvuotf+LcbEce2Nc2AHeYJIqYAsB4sw9K+g==",
      "dev": true,
      "optional": true
    },
    "@tauri-apps/cli-darwin-x64": {
      "version": "1.5.7",
      "resolved": "https://registry.npmjs.org/@tauri-apps/cli-darwin-x64/-/cli-darwin-x64-1.5.7.tgz",
      "integrity": "sha512-zfumTv1xUuR+RB1pzhRy+51tB6cm8I76g0xUBaXOfEdOJ9FqW5GW2jdnEUbpNuU65qJ1lB8LVWHKGrSWWKazew==",
      "dev": true,
      "optional": true
    },
    "@tauri-apps/cli-linux-arm-gnueabihf": {
      "version": "1.5.7",
      "resolved": "https://registry.npmjs.org/@tauri-apps/cli-linux-arm-gnueabihf/-/cli-linux-arm-gnueabihf-1.5.7.tgz",
      "integrity": "sha512-JngWNqS06bMND9PhiPWp0e+yknJJuSozsSbo+iMzHoJNRauBZCUx+HnUcygUR66Cy6qM4eJvLXtsRG7ApxvWmg==",
      "dev": true,
      "optional": true
    },
    "@tauri-apps/cli-linux-arm64-gnu": {
      "version": "1.5.7",
      "resolved": "https://registry.npmjs.org/@tauri-apps/cli-linux-arm64-gnu/-/cli-linux-arm64-gnu-1.5.7.tgz",
      "integrity": "sha512-WyIYP9BskgBGq+kf4cLAyru8ArrxGH2eMYGBJvuNEuSaqBhbV0i1uUxvyWdazllZLAEz1WvSocUmSwLknr1+sQ==",
      "dev": true,
      "optional": true
    },
    "@tauri-apps/cli-linux-arm64-musl": {
      "version": "1.5.7",
      "resolved": "https://registry.npmjs.org/@tauri-apps/cli-linux-arm64-musl/-/cli-linux-arm64-musl-1.5.7.tgz",
      "integrity": "sha512-OrDpihQP2MB0JY1a/wP9wsl9dDjFDpVEZOQxt4hU+UVGRCZQok7ghPBg4+Xpd1CkNkcCCuIeY8VxRvwLXpnIzg==",
      "dev": true,
      "optional": true
    },
    "@tauri-apps/cli-linux-x64-gnu": {
      "version": "1.5.7",
      "resolved": "https://registry.npmjs.org/@tauri-apps/cli-linux-x64-gnu/-/cli-linux-x64-gnu-1.5.7.tgz",
      "integrity": "sha512-4T7FAYVk76rZi8VkuLpiKUAqaSxlva86C1fHm/RtmoTKwZEV+MI3vIMoVg+AwhyWIy9PS55C75nF7+OwbnFnvQ==",
      "dev": true,
      "optional": true
    },
    "@tauri-apps/cli-linux-x64-musl": {
      "version": "1.5.7",
      "resolved": "https://registry.npmjs.org/@tauri-apps/cli-linux-x64-musl/-/cli-linux-x64-musl-1.5.7.tgz",
      "integrity": "sha512-LL9aMK601BmQjAUDcKWtt5KvAM0xXi0iJpOjoUD3LPfr5dLvBMTflVHQDAEtuZexLQyqpU09+60781PrI/FCTw==",
      "dev": true,
      "optional": true
    },
    "@tauri-apps/cli-win32-arm64-msvc": {
      "version": "1.5.7",
      "resolved": "https://registry.npmjs.org/@tauri-apps/cli-win32-arm64-msvc/-/cli-win32-arm64-msvc-1.5.7.tgz",
      "integrity": "sha512-TmAdM6GVkfir3AUFsDV2gyc25kIbJeAnwT72OnmJGAECHs/t/GLP9IkFLLVcFKsiosRf8BXhVyQ84NYkSWo14w==",
      "dev": true,
      "optional": true
    },
    "@tauri-apps/cli-win32-ia32-msvc": {
      "version": "1.5.7",
      "resolved": "https://registry.npmjs.org/@tauri-apps/cli-win32-ia32-msvc/-/cli-win32-ia32-msvc-1.5.7.tgz",
      "integrity": "sha512-bqWfxwCfLmrfZy69sEU19KHm5TFEaMb8KIekd4aRq/kyOlrjKLdZxN1PyNRP8zpJA1lTiRHzfUDfhpmnZH/skg==",
      "dev": true,
      "optional": true
    },
    "@tauri-apps/cli-win32-x64-msvc": {
      "version": "1.5.7",
      "resolved": "https://registry.npmjs.org/@tauri-apps/cli-win32-x64-msvc/-/cli-win32-x64-msvc-1.5.7.tgz",
      "integrity": "sha512-OxLHVBNdzyQ//xT3kwjQFnJTn/N5zta/9fofAkXfnL7vqmVn6s/RY1LDa3sxCHlRaKw0n3ShpygRbM9M8+sO9w==",
      "dev": true,
      "optional": true
    }
  }
}
