{
  "name": "02-empty-app-frameless",
  "lockfileVersion": 2,
  "requires": true,
  "packages": {
    "": {
      "name": "02-empty-app-frameless",
      "dependencies": {
        "@tauri-apps/api": "^2.3.0"
      },
      "devDependencies": {
        "@tauri-apps/cli": "^2.3.1"
      }
    },
    "node_modules/@tauri-apps/api": {
      "version": "2.3.0",
      "resolved": "https://registry.npmjs.org/@tauri-apps/api/-/api-2.3.0.tgz",
      "integrity": "sha512-33Z+0lX2wgZbx1SPFfqvzI6su63hCBkbzv+5NexeYjIx7WA9htdOKoRR7Dh3dJyltqS5/J8vQFyybiRoaL0hlA==",
      "license": "Apache-2.0 OR MIT",
      "funding": {
        "type": "opencollective",
        "url": "https://opencollective.com/tauri"
      }
    },
    "node_modules/@tauri-apps/cli": {
      "version": "2.3.1",
      "resolved": "https://registry.npmjs.org/@tauri-apps/cli/-/cli-2.3.1.tgz",
      "integrity": "sha512-xewcw/ZsCqgilTy2h7+pp2Baxoy7zLR2wXOV7SZLzkb6SshHVbm1BFAjn8iFATURRW85KLzl6wSGJ2dQHjVHqw==",
      "dev": true,
      "license": "Apache-2.0 OR MIT",
      "bin": {
        "tauri": "tauri.js"
      },
      "engines": {
        "node": ">= 10"
      },
      "funding": {
        "type": "opencollective",
        "url": "https://opencollective.com/tauri"
      },
      "optionalDependencies": {
        "@tauri-apps/cli-darwin-arm64": "2.3.1",
        "@tauri-apps/cli-darwin-x64": "2.3.1",
        "@tauri-apps/cli-linux-arm-gnueabihf": "2.3.1",
        "@tauri-apps/cli-linux-arm64-gnu": "2.3.1",
        "@tauri-apps/cli-linux-arm64-musl": "2.3.1",
        "@tauri-apps/cli-linux-x64-gnu": "2.3.1",
        "@tauri-apps/cli-linux-x64-musl": "2.3.1",
        "@tauri-apps/cli-win32-arm64-msvc": "2.3.1",
        "@tauri-apps/cli-win32-ia32-msvc": "2.3.1",
        "@tauri-apps/cli-win32-x64-msvc": "2.3.1"
      }
    },
    "node_modules/@tauri-apps/cli-darwin-arm64": {
      "version": "2.3.1",
      "resolved": "https://registry.npmjs.org/@tauri-apps/cli-darwin-arm64/-/cli-darwin-arm64-2.3.1.tgz",
      "integrity": "sha512-TOhSdsXYt+f+asRU+Dl+Wufglj/7+CX9h8RO4hl5k7D6lR4L8yTtdhpS7btaclOMmjYC4piNfJE70GoxhOoYWw==",
      "cpu": [
        "arm64"
      ],
      "dev": true,
      "license": "Apache-2.0 OR MIT",
      "optional": true,
      "os": [
        "darwin"
      ],
      "engines": {
        "node": ">= 10"
      }
    },
    "node_modules/@tauri-apps/cli-darwin-x64": {
      "version": "2.3.1",
      "resolved": "https://registry.npmjs.org/@tauri-apps/cli-darwin-x64/-/cli-darwin-x64-2.3.1.tgz",
      "integrity": "sha512-LDwGg3AuBQ3aCeMAFaFwt0MSGOVFoXuXEe0z4QxQ7jZE5tdAOhKABaq4i569V5lShCgQZ6nLD/tmA5+GipvHnA==",
      "cpu": [
        "x64"
      ],
      "dev": true,
      "license": "Apache-2.0 OR MIT",
      "optional": true,
      "os": [
        "darwin"
      ],
      "engines": {
        "node": ">= 10"
      }
    },
    "node_modules/@tauri-apps/cli-linux-arm-gnueabihf": {
      "version": "2.3.1",
      "resolved": "https://registry.npmjs.org/@tauri-apps/cli-linux-arm-gnueabihf/-/cli-linux-arm-gnueabihf-2.3.1.tgz",
      "integrity": "sha512-hu3HpbbtJBvHXw5i54QHwLxOUoXWqhf7CL2YYSPOrWEEQo10NKddulP61L5gfr5z+bSSaitfLwqgTidgnaNJCA==",
      "cpu": [
        "arm"
      ],
      "dev": true,
      "license": "Apache-2.0 OR MIT",
      "optional": true,
      "os": [
        "linux"
      ],
      "engines": {
        "node": ">= 10"
      }
    },
    "node_modules/@tauri-apps/cli-linux-arm64-gnu": {
      "version": "2.3.1",
      "resolved": "https://registry.npmjs.org/@tauri-apps/cli-linux-arm64-gnu/-/cli-linux-arm64-gnu-2.3.1.tgz",
      "integrity": "sha512-mEGgwkiGSKYXWHhGodo7zU9PCd2I/d6KkR+Wp1nzK+DxsCrEK6yJ5XxYLSQSDcKkM4dCxpVEPUiVMbDhmn08jg==",
      "cpu": [
        "arm64"
      ],
      "dev": true,
      "license": "Apache-2.0 OR MIT",
      "optional": true,
      "os": [
        "linux"
      ],
      "engines": {
        "node": ">= 10"
      }
    },
    "node_modules/@tauri-apps/cli-linux-arm64-musl": {
      "version": "2.3.1",
      "resolved": "https://registry.npmjs.org/@tauri-apps/cli-linux-arm64-musl/-/cli-linux-arm64-musl-2.3.1.tgz",
      "integrity": "sha512-tqQkafikGfnc7ISnGjSYkbpnzJKEyO8XSa0YOXTAL3J8R5Pss5ZIZY7G8kq1mwQSR/dPVR1ZLTVXgZGuysjP8w==",
      "cpu": [
        "arm64"
      ],
      "dev": true,
      "license": "Apache-2.0 OR MIT",
      "optional": true,
      "os": [
        "linux"
      ],
      "engines": {
        "node": ">= 10"
      }
    },
    "node_modules/@tauri-apps/cli-linux-x64-gnu": {
      "version": "2.3.1",
      "resolved": "https://registry.npmjs.org/@tauri-apps/cli-linux-x64-gnu/-/cli-linux-x64-gnu-2.3.1.tgz",
      "integrity": "sha512-I3puDJ2wGEauXlXbzIHn2etz78TaWs1cpN6zre02maHr6ZR7nf7euTCOGPhhfoMG0opA5mT/eLuYpVw648/VAA==",
      "cpu": [
        "x64"
      ],
      "dev": true,
      "license": "Apache-2.0 OR MIT",
      "optional": true,
      "os": [
        "linux"
      ],
      "engines": {
        "node": ">= 10"
      }
    },
    "node_modules/@tauri-apps/cli-linux-x64-musl": {
      "version": "2.3.1",
      "resolved": "https://registry.npmjs.org/@tauri-apps/cli-linux-x64-musl/-/cli-linux-x64-musl-2.3.1.tgz",
      "integrity": "sha512-rbWiCOBuQN7tPySkUyBs914uUikE3mEUOqV/IFospvKESw4UC3G1DL5+ybfXH7Orb8/in3JpJuVzYQjo+OSbBA==",
      "cpu": [
        "x64"
      ],
      "dev": true,
      "license": "Apache-2.0 OR MIT",
      "optional": true,
      "os": [
        "linux"
      ],
      "engines": {
        "node": ">= 10"
      }
    },
    "node_modules/@tauri-apps/cli-win32-arm64-msvc": {
      "version": "2.3.1",
      "resolved": "https://registry.npmjs.org/@tauri-apps/cli-win32-arm64-msvc/-/cli-win32-arm64-msvc-2.3.1.tgz",
      "integrity": "sha512-PdTmUzSeTHjJuBpCV7L+V29fPhPtToU+NZU46slHKSA1aT38MiFDXBZ/6P5Zudrt9QPMfIubqnJKbK8Ivvv7Ww==",
      "cpu": [
        "arm64"
      ],
      "dev": true,
      "license": "Apache-2.0 OR MIT",
      "optional": true,
      "os": [
        "win32"
      ],
      "engines": {
        "node": ">= 10"
      }
    },
    "node_modules/@tauri-apps/cli-win32-ia32-msvc": {
      "version": "2.3.1",
      "resolved": "https://registry.npmjs.org/@tauri-apps/cli-win32-ia32-msvc/-/cli-win32-ia32-msvc-2.3.1.tgz",
      "integrity": "sha512-K/Xa97kspWT4UWj3t26lL2D3QsopTAxS7kWi5kObdqtAGn3qD52qBi24FH38TdvHYz4QlnLIb30TukviCgh4gw==",
      "cpu": [
        "ia32"
      ],
      "dev": true,
      "license": "Apache-2.0 OR MIT",
      "optional": true,
      "os": [
        "win32"
      ],
      "engines": {
        "node": ">= 10"
      }
    },
    "node_modules/@tauri-apps/cli-win32-x64-msvc": {
      "version": "2.3.1",
      "resolved": "https://registry.npmjs.org/@tauri-apps/cli-win32-x64-msvc/-/cli-win32-x64-msvc-2.3.1.tgz",
      "integrity": "sha512-RgwzXbP8gAno3kQEsybMtgLp6D1Z1Nec2cftryYbPTJmoMJs6e4qgtxuTSbUz5SKnHe8rGgMiFSvEGoHvbG72Q==",
      "cpu": [
        "x64"
      ],
      "dev": true,
      "license": "Apache-2.0 OR MIT",
      "optional": true,
      "os": [
        "win32"
      ],
      "engines": {
        "node": ">= 10"
      }
    }
  },
  "dependencies": {
    "@tauri-apps/api": {
      "version": "2.3.0",
      "resolved": "https://registry.npmjs.org/@tauri-apps/api/-/api-2.3.0.tgz",
      "integrity": "sha512-33Z+0lX2wgZbx1SPFfqvzI6su63hCBkbzv+5NexeYjIx7WA9htdOKoRR7Dh3dJyltqS5/J8vQFyybiRoaL0hlA=="
    },
    "@tauri-apps/cli": {
      "version": "2.3.1",
      "resolved": "https://registry.npmjs.org/@tauri-apps/cli/-/cli-2.3.1.tgz",
      "integrity": "sha512-xewcw/ZsCqgilTy2h7+pp2Baxoy7zLR2wXOV7SZLzkb6SshHVbm1BFAjn8iFATURRW85KLzl6wSGJ2dQHjVHqw==",
      "dev": true,
      "requires": {
        "@tauri-apps/cli-darwin-arm64": "2.3.1",
        "@tauri-apps/cli-darwin-x64": "2.3.1",
        "@tauri-apps/cli-linux-arm-gnueabihf": "2.3.1",
        "@tauri-apps/cli-linux-arm64-gnu": "2.3.1",
        "@tauri-apps/cli-linux-arm64-musl": "2.3.1",
        "@tauri-apps/cli-linux-x64-gnu": "2.3.1",
        "@tauri-apps/cli-linux-x64-musl": "2.3.1",
        "@tauri-apps/cli-win32-arm64-msvc": "2.3.1",
        "@tauri-apps/cli-win32-ia32-msvc": "2.3.1",
        "@tauri-apps/cli-win32-x64-msvc": "2.3.1"
      }
    },
    "@tauri-apps/cli-darwin-arm64": {
      "version": "2.3.1",
      "resolved": "https://registry.npmjs.org/@tauri-apps/cli-darwin-arm64/-/cli-darwin-arm64-2.3.1.tgz",
      "integrity": "sha512-TOhSdsXYt+f+asRU+Dl+Wufglj/7+CX9h8RO4hl5k7D6lR4L8yTtdhpS7btaclOMmjYC4piNfJE70GoxhOoYWw==",
      "dev": true,
      "optional": true
    },
    "@tauri-apps/cli-darwin-x64": {
      "version": "2.3.1",
      "resolved": "https://registry.npmjs.org/@tauri-apps/cli-darwin-x64/-/cli-darwin-x64-2.3.1.tgz",
      "integrity": "sha512-LDwGg3AuBQ3aCeMAFaFwt0MSGOVFoXuXEe0z4QxQ7jZE5tdAOhKABaq4i569V5lShCgQZ6nLD/tmA5+GipvHnA==",
      "dev": true,
      "optional": true
    },
    "@tauri-apps/cli-linux-arm-gnueabihf": {
      "version": "2.3.1",
      "resolved": "https://registry.npmjs.org/@tauri-apps/cli-linux-arm-gnueabihf/-/cli-linux-arm-gnueabihf-2.3.1.tgz",
      "integrity": "sha512-hu3HpbbtJBvHXw5i54QHwLxOUoXWqhf7CL2YYSPOrWEEQo10NKddulP61L5gfr5z+bSSaitfLwqgTidgnaNJCA==",
      "dev": true,
      "optional": true
    },
    "@tauri-apps/cli-linux-arm64-gnu": {
      "version": "2.3.1",
      "resolved": "https://registry.npmjs.org/@tauri-apps/cli-linux-arm64-gnu/-/cli-linux-arm64-gnu-2.3.1.tgz",
      "integrity": "sha512-mEGgwkiGSKYXWHhGodo7zU9PCd2I/d6KkR+Wp1nzK+DxsCrEK6yJ5XxYLSQSDcKkM4dCxpVEPUiVMbDhmn08jg==",
      "dev": true,
      "optional": true
    },
    "@tauri-apps/cli-linux-arm64-musl": {
      "version": "2.3.1",
      "resolved": "https://registry.npmjs.org/@tauri-apps/cli-linux-arm64-musl/-/cli-linux-arm64-musl-2.3.1.tgz",
      "integrity": "sha512-tqQkafikGfnc7ISnGjSYkbpnzJKEyO8XSa0YOXTAL3J8R5Pss5ZIZY7G8kq1mwQSR/dPVR1ZLTVXgZGuysjP8w==",
      "dev": true,
      "optional": true
    },
    "@tauri-apps/cli-linux-x64-gnu": {
      "version": "2.3.1",
      "resolved": "https://registry.npmjs.org/@tauri-apps/cli-linux-x64-gnu/-/cli-linux-x64-gnu-2.3.1.tgz",
      "integrity": "sha512-I3puDJ2wGEauXlXbzIHn2etz78TaWs1cpN6zre02maHr6ZR7nf7euTCOGPhhfoMG0opA5mT/eLuYpVw648/VAA==",
      "dev": true,
      "optional": true
    },
    "@tauri-apps/cli-linux-x64-musl": {
      "version": "2.3.1",
      "resolved": "https://registry.npmjs.org/@tauri-apps/cli-linux-x64-musl/-/cli-linux-x64-musl-2.3.1.tgz",
      "integrity": "sha512-rbWiCOBuQN7tPySkUyBs914uUikE3mEUOqV/IFospvKESw4UC3G1DL5+ybfXH7Orb8/in3JpJuVzYQjo+OSbBA==",
      "dev": true,
      "optional": true
    },
    "@tauri-apps/cli-win32-arm64-msvc": {
      "version": "2.3.1",
      "resolved": "https://registry.npmjs.org/@tauri-apps/cli-win32-arm64-msvc/-/cli-win32-arm64-msvc-2.3.1.tgz",
      "integrity": "sha512-PdTmUzSeTHjJuBpCV7L+V29fPhPtToU+NZU46slHKSA1aT38MiFDXBZ/6P5Zudrt9QPMfIubqnJKbK8Ivvv7Ww==",
      "dev": true,
      "optional": true
    },
    "@tauri-apps/cli-win32-ia32-msvc": {
      "version": "2.3.1",
      "resolved": "https://registry.npmjs.org/@tauri-apps/cli-win32-ia32-msvc/-/cli-win32-ia32-msvc-2.3.1.tgz",
      "integrity": "sha512-K/Xa97kspWT4UWj3t26lL2D3QsopTAxS7kWi5kObdqtAGn3qD52qBi24FH38TdvHYz4QlnLIb30TukviCgh4gw==",
      "dev": true,
      "optional": true
    },
    "@tauri-apps/cli-win32-x64-msvc": {
      "version": "2.3.1",
      "resolved": "https://registry.npmjs.org/@tauri-apps/cli-win32-x64-msvc/-/cli-win32-x64-msvc-2.3.1.tgz",
      "integrity": "sha512-RgwzXbP8gAno3kQEsybMtgLp6D1Z1Nec2cftryYbPTJmoMJs6e4qgtxuTSbUz5SKnHe8rGgMiFSvEGoHvbG72Q==",
      "dev": true,
      "optional": true
    }
  }
}
