
Microsoft Visual Studio Solution File, Format Version 12.00
# Visual Studio Version 17
VisualStudioVersion = 17.9.34622.214
MinimumVisualStudioVersion = 10.0.40219.1
Project("{9A19103F-16F7-4668-BE54-9A1E7A4F7556}") = "DotnetMauiVue", "DotnetMauiVue\DotnetMauiVue.csproj", "{EA473A51-9359-47E9-83DA-BE0773F6B8C1}"
EndProject
Global
	GlobalSection(SolutionConfigurationPlatforms) = preSolution
		Debug|Any CPU = Debug|Any CPU
		Release|Any CPU = Release|Any CPU
	EndGlobalSection
	GlobalSection(ProjectConfigurationPlatforms) = postSolution
		{EA473A51-9359-47E9-83DA-BE0773F6B8C1}.Debug|Any CPU.ActiveCfg = Debug|Any CPU
		{EA473A51-9359-47E9-83DA-BE0773F6B8C1}.Debug|Any CPU.Build.0 = Debug|Any CPU
		{EA473A51-9359-47E9-83DA-BE0773F6B8C1}.Debug|Any CPU.Deploy.0 = Debug|Any CPU
		{EA473A51-9359-47E9-83DA-BE0773F6B8C1}.Release|Any CPU.ActiveCfg = Release|Any CPU
		{EA473A51-9359-47E9-83DA-BE0773F6B8C1}.Release|Any CPU.Build.0 = Release|Any CPU
	EndGlobalSection
	GlobalSection(SolutionProperties) = preSolution
		HideSolutionNode = FALSE
	EndGlobalSection
	GlobalSection(ExtensibilityGlobals) = postSolution
		SolutionGuid = {EF50097D-6728-437C-91B1-7E357165BECB}
	EndGlobalSection
EndGlobal
