
Microsoft Visual Studio Solution File, Format Version 12.00
Project("{FAE04EC0-301F-11D3-BF4B-00C04F79EFBC}") = "DotnetMauiVue", "DotnetMauiVue\DotnetMauiVue.csproj", "{EA473A51-9359-47E9-83DA-BE0773F6B8C1}"
EndProject
Global
	GlobalSection(SolutionConfigurationPlatforms) = preSolution
		Debug|Any CPU = Debug|Any CPU
		Release|Any CPU = Release|Any CPU
	EndGlobalSection
	GlobalSection(ProjectConfigurationPlatforms) = postSolution
		{EA473A51-9359-47E9-83DA-BE0773F6B8C1}.Debug|Any CPU.ActiveCfg = Debug|Any CPU
		{EA473A51-9359-47E9-83DA-BE0773F6B8C1}.Debug|Any CPU.Build.0 = Debug|Any CPU
		{EA473A51-9359-47E9-83DA-BE0773F6B8C1}.Release|Any CPU.ActiveCfg = Release|Any CPU
		{EA473A51-9359-47E9-83DA-BE0773F6B8C1}.Release|Any CPU.Build.0 = Release|Any CPU
	EndGlobalSection
EndGlobal
